github.com/google/go-cmp v0.6.0 h1:ofyhxvXcZhMsU5ulbFiLKl/XBFqE1GSq7atu8tAmTRI=
github.com/google/go-cmp v0.6.0/go.mod h1:17dUlkBOakJ0+DkrSSNjCkIjxS6bF9zb3elmeNGIjoY=
github.com/ikawaha/kagome-dict v1.1.7 h1:O/uAL+WCGhp6kT0+szxBSPaSM4i+vdArSefFvJE4Nug=
github.com/ikawaha/kagome-dict v1.1.7/go.mod h1:9tvk7/jZkvYt40foxkB9CqSAAknoQrIPfzqQd05UkFw=
github.com/ikawaha/kagome-dict/ipa v1.2.6 h1:Bcvm4jgxAAnTIKb6ckqUKBiFDN0wuanFfycMuYt7xGQ=
github.com/ikawaha/kagome-dict/ipa v1.2.6/go.mod h1:ONdTMUAKMCq9yx4s69QRtPcJLEMVM0BNNYQrMCJLWb0=
github.com/ikawaha/kagome/v2 v2.10.3 h1:k6ocIsSi1q4kX9SMVHWuEL6iwk8E32F/CgytgrZcFTA=
github.com/ikawaha/kagome/v2 v2.10.3/go.mod h1:6mYPezBou+iNVnX9uNa00Sfu6S6t2zcM8Nv1EW9Y9so=
golang.org/x/mod v0.32.0 h1:9F4d3PHLljb6x//jOyokMv3eX+YDeepZSEo3mFJy93c=
golang.org/x/mod v0.32.0/go.mod h1:SgipZ/3h2Ci89DlEtEXWUk/HteuRin+HHhN+WbNhguU=
golang.org/x/sync v0.19.0 h1:vV+1eWNmZ5geRlYjzm2adRgW2/mcpevXNg50YZtPCE4=
golang.org/x/sync v0.19.0/go.mod h1:9KTHXmSnoGruLpwFjVSX0lNNA75CykiMECbovNTZqGI=
golang.org/x/text v0.33.0 h1:B3njUFyqtHDUI5jMn1YIr5B0IE2U0qck04r6d4KPAxE=
golang.org/x/text v0.33.0/go.mod h1:LuMebE6+rBincTi9+xWTY8TztLzKHc/9C1uBCG27+q8=
golang.org/x/tools v0.41.0 h1:a9b8iMweWG+S0OBnlU36rzLp20z1Rp10w+IY2czHTQc=
golang.org/x/tools v0.41.0/go.mod h1:XSY6eDqxVNiYgezAVqqCeihT4j1U2CCsqvH3WhQpnlg=
