github.com/google/go-cmp v0.6.0 h1:ofyhxvXcZhMsU5ulbFiLKl/XBFqE1GSq7atu8tAmTRI=
github.com/google/go-cmp v0.6.0/go.mod h1:17dUlkBOakJ0+DkrSSNjCkIjxS6bF9zb3elmeNGIjoY=
github.com/ikawaha/kagome-dict v1.1.6 h1:bpMDkXEbHsgh/gdqNMpASM5EDd/jpRtzm2AFJTGP6C4=
github.com/ikawaha/kagome-dict v1.1.6/go.mod h1:kVQBTitXg2pqmQUMFqGOw60e14zahWKyEyuZW2n7Yus=
github.com/ikawaha/kagome-dict/ipa v1.2.5 h1:uX9D/T7xNpx1nleDU6SSbpaYHgiAhRs9IIEkcWu9XLQ=
github.com/ikawaha/kagome-dict/ipa v1.2.5/go.mod h1:mfrhW/dynf56fNLSD4fyC29wQsEffWJj7trEJjSZz5Q=
github.com/ikawaha/kagome/v2 v2.10.2 h1:5bWo0LJqJHzjtpeLQ+XO5IMdyLOMr52de28czE+s1r0=
github.com/ikawaha/kagome/v2 v2.10.2/go.mod h1:vUBsiTqPQiG+dqSHmvRz3rWb3sCwnS6WO3HNXSPclL4=
golang.org/x/mod v0.24.0 h1:ZfthKaKaT4NrhGVZHO1/WDTwGES4De8KtWO0SIbNJMU=
golang.org/x/mod v0.24.0/go.mod h1:IXM97Txy2VM4PJ3gI61r1YEk/gAj6zAHN3AdZt6S9Ww=
golang.org/x/sync v0.12.0 h1:MHc5BpPuC30uJk597Ri8TV3CNZcTLu6B6z4lJy+g6Jw=
golang.org/x/sync v0.12.0/go.mod h1:1dzgHSNfp02xaA81J2MS99Qcpr2w7fw1gpm99rleRqA=
golang.org/x/text v0.23.0 h1:D71I7dUrlY+VX0gQShAThNGHFxZ13dGLBHQLVl1mJlY=
golang.org/x/text v0.23.0/go.mod h1:/BLNzu4aZCJ1+kcD0DNRotWKage4q2rGVAg4o22unh4=
golang.org/x/tools v0.31.0 h1:0EedkvKDbh+qistFTd0Bcwe/YLh4vHwWEkiI0toFIBU=
golang.org/x/tools v0.31.0/go.mod h1:naFTU+Cev749tSJRXJlna0T3WxKvb1kWEx15xA4SdmQ=
