github.com/ikawaha/kagome-dict v1.1.0 h1:ePU16KkyonhYLo4YDf/UExmZJBhY/6C946T1SOg1TI4=
github.com/ikawaha/kagome-dict v1.1.0/go.mod h1:tcbTxQQll5voEBnJqGYt2zJuCouUL6buAOrpSxzo9Fg=
github.com/ikawaha/kagome-dict/ipa v1.2.0 h1:lgehXOf2USDkBwGPEBD9sbbOBk3WlkhZ2zejPSLjIJA=
github.com/ikawaha/kagome-dict/ipa v1.2.0/go.mod h1:LRtB3BXipG3Iu4V+KI/E1E7r9GMa79WgAH6IAW4wy6A=
github.com/ikawaha/kagome/v2 v2.10.0 h1:gObyHxSPVudvHXHQecyVAv3DohIifx9MtA8ErXlx+1g=
github.com/ikawaha/kagome/v2 v2.10.0/go.mod h1:IEyFbC0oCkMMaIvTAU3O4IrM5mK0AyWJwM41Tb4u77U=
golang.org/x/mod v0.22.0 h1:D4nJWe9zXqHOmWqj4VMOJhvzj7bEZg4wEYa759z1pH4=
golang.org/x/mod v0.22.0/go.mod h1:6SkKJ3Xj0I0BrPOZoBy3bdMptDDU9oJrpohJ3eWZ1fY=
golang.org/x/sync v0.9.0 h1:fEo0HyrW1GIgZdpbhCRO0PkJajUS5H9IFUztCgEo2jQ=
golang.org/x/sync v0.9.0/go.mod h1:Czt+wKu1gCyEFDUtn0jG5QVvpJ6rzVqr5aXyt9drQfk=
golang.org/x/text v0.19.0 h1:kTxAhCbGbxhK0IwgSKiMO5awPoDQ0RpfiVYBfK860YM=
golang.org/x/text v0.19.0/go.mod h1:BuEKDfySbSR4drPmRPG/7iBdf8hvFMuRexcpahXilzY=
golang.org/x/tools v0.27.0 h1:qEKojBykQkQ4EynWy4S8Weg69NumxKdn40Fce3uc/8o=
golang.org/x/tools v0.27.0/go.mod h1:sUi0ZgbwW9ZPAq26Ekut+weQPR5eIM6GQLQ1Yjm1H0Q=
